
Microsoft Visual Studio Solution File, Format Version 12.00
# Visual Studio Version 16
VisualStudioVersion = 16.0.31702.278
MinimumVisualStudioVersion = 10.0.40219.1
Project("{8BC9CEB8-8B4A-11D0-8D11-00A0C91BC942}") = "Lab1.4", "Lab1.4.vcxproj", "{DFD140A7-0C00-4F2F-ABA3-0F62C7596B95}"
EndProject
Project("{8BC9CEB8-8B4A-11D0-8D11-00A0C91BC942}") = "UnitTest5", "..\UnitTest5\UnitTest5.vcxproj", "{9D6D017D-E158-4382-85DC-BD7E91595CB0}"
EndProject
Global
	GlobalSection(SolutionConfigurationPlatforms) = preSolution
		Debug|x64 = Debug|x64
		Debug|x86 = Debug|x86
		Release|x64 = Release|x64
		Release|x86 = Release|x86
	EndGlobalSection
	GlobalSection(ProjectConfigurationPlatforms) = postSolution
		{DFD140A7-0C00-4F2F-ABA3-0F62C7596B95}.Debug|x64.ActiveCfg = Debug|x64
		{DFD140A7-0C00-4F2F-ABA3-0F62C7596B95}.Debug|x64.Build.0 = Debug|x64
		{DFD140A7-0C00-4F2F-ABA3-0F62C7596B95}.Debug|x86.ActiveCfg = Debug|Win32
		{DFD140A7-0C00-4F2F-ABA3-0F62C7596B95}.Debug|x86.Build.0 = Debug|Win32
		{DFD140A7-0C00-4F2F-ABA3-0F62C7596B95}.Release|x64.ActiveCfg = Release|x64
		{DFD140A7-0C00-4F2F-ABA3-0F62C7596B95}.Release|x64.Build.0 = Release|x64
		{DFD140A7-0C00-4F2F-ABA3-0F62C7596B95}.Release|x86.ActiveCfg = Release|Win32
		{DFD140A7-0C00-4F2F-ABA3-0F62C7596B95}.Release|x86.Build.0 = Release|Win32
		{9D6D017D-E158-4382-85DC-BD7E91595CB0}.Debug|x64.ActiveCfg = Debug|x64
		{9D6D017D-E158-4382-85DC-BD7E91595CB0}.Debug|x64.Build.0 = Debug|x64
		{9D6D017D-E158-4382-85DC-BD7E91595CB0}.Debug|x86.ActiveCfg = Debug|Win32
		{9D6D017D-E158-4382-85DC-BD7E91595CB0}.Debug|x86.Build.0 = Debug|Win32
		{9D6D017D-E158-4382-85DC-BD7E91595CB0}.Release|x64.ActiveCfg = Release|x64
		{9D6D017D-E158-4382-85DC-BD7E91595CB0}.Release|x64.Build.0 = Release|x64
		{9D6D017D-E158-4382-85DC-BD7E91595CB0}.Release|x86.ActiveCfg = Release|Win32
		{9D6D017D-E158-4382-85DC-BD7E91595CB0}.Release|x86.Build.0 = Release|Win32
	EndGlobalSection
	GlobalSection(SolutionProperties) = preSolution
		HideSolutionNode = FALSE
	EndGlobalSection
	GlobalSection(ExtensibilityGlobals) = postSolution
		SolutionGuid = {F7D85986-BA97-4835-A01F-F2AAFBC89BA8}
	EndGlobalSection
EndGlobal
