
Microsoft Visual Studio Solution File, Format Version 12.00
# Visual Studio Version 16
VisualStudioVersion = 16.0.31702.278
MinimumVisualStudioVersion = 10.0.40219.1
Project("{8BC9CEB8-8B4A-11D0-8D11-00A0C91BC942}") = "Lab1.8", "Lab1.8.vcxproj", "{6DB4FE1D-F74E-4F8E-9DA7-045DCC759798}"
EndProject
Project("{8BC9CEB8-8B4A-11D0-8D11-00A0C91BC942}") = "UnitTest10", "..\UnitTest10\UnitTest10.vcxproj", "{2E87BDB6-9D41-4078-B0CF-C8BD6A96DBAD}"
EndProject
Global
	GlobalSection(SolutionConfigurationPlatforms) = preSolution
		Debug|x64 = Debug|x64
		Debug|x86 = Debug|x86
		Release|x64 = Release|x64
		Release|x86 = Release|x86
	EndGlobalSection
	GlobalSection(ProjectConfigurationPlatforms) = postSolution
		{6DB4FE1D-F74E-4F8E-9DA7-045DCC759798}.Debug|x64.ActiveCfg = Debug|x64
		{6DB4FE1D-F74E-4F8E-9DA7-045DCC759798}.Debug|x64.Build.0 = Debug|x64
		{6DB4FE1D-F74E-4F8E-9DA7-045DCC759798}.Debug|x86.ActiveCfg = Debug|Win32
		{6DB4FE1D-F74E-4F8E-9DA7-045DCC759798}.Debug|x86.Build.0 = Debug|Win32
		{6DB4FE1D-F74E-4F8E-9DA7-045DCC759798}.Release|x64.ActiveCfg = Release|x64
		{6DB4FE1D-F74E-4F8E-9DA7-045DCC759798}.Release|x64.Build.0 = Release|x64
		{6DB4FE1D-F74E-4F8E-9DA7-045DCC759798}.Release|x86.ActiveCfg = Release|Win32
		{6DB4FE1D-F74E-4F8E-9DA7-045DCC759798}.Release|x86.Build.0 = Release|Win32
		{2E87BDB6-9D41-4078-B0CF-C8BD6A96DBAD}.Debug|x64.ActiveCfg = Debug|x64
		{2E87BDB6-9D41-4078-B0CF-C8BD6A96DBAD}.Debug|x64.Build.0 = Debug|x64
		{2E87BDB6-9D41-4078-B0CF-C8BD6A96DBAD}.Debug|x86.ActiveCfg = Debug|Win32
		{2E87BDB6-9D41-4078-B0CF-C8BD6A96DBAD}.Debug|x86.Build.0 = Debug|Win32
		{2E87BDB6-9D41-4078-B0CF-C8BD6A96DBAD}.Release|x64.ActiveCfg = Release|x64
		{2E87BDB6-9D41-4078-B0CF-C8BD6A96DBAD}.Release|x64.Build.0 = Release|x64
		{2E87BDB6-9D41-4078-B0CF-C8BD6A96DBAD}.Release|x86.ActiveCfg = Release|Win32
		{2E87BDB6-9D41-4078-B0CF-C8BD6A96DBAD}.Release|x86.Build.0 = Release|Win32
	EndGlobalSection
	GlobalSection(SolutionProperties) = preSolution
		HideSolutionNode = FALSE
	EndGlobalSection
	GlobalSection(ExtensibilityGlobals) = postSolution
		SolutionGuid = {4D8238C1-5E08-48ED-86C7-D7095F36EDBB}
	EndGlobalSection
EndGlobal
